PODS:
  - dapi (0.0.3):
    - DapiConnect (= 0.2.10)
    - Flutter
  - DapiConnect (0.2.10)
  - Flutter (1.0.0)

DEPENDENCIES:
  - dapi (from `.symlinks/plugins/dapi/ios`)
  - Flutter (from `Flutter`)

SPEC REPOS:
  trunk:
    - DapiConnect

EXTERNAL SOURCES:
  dapi:
    :path: ".symlinks/plugins/dapi/ios"
  Flutter:
    :path: Flutter

SPEC CHECKSUMS:
  dapi: d5d0f78563f5230eb2c08a5c5db996f20a6b0cb9
  DapiConnect: e439883774c71bcd8577bba088e0bfca0d935c97
  Flutter: 0e3d915762c693b495b44d77113d4970485de6ec

PODFILE CHECKSUM: a1b07c5b2097815348160f8277896d8a6aef2652

COCOAPODS: 1.10.0.rc.1
