PODS:
  - dapi (0.0.3):
    - DapiConnect (= 0.2.8)
    - Flutter
  - DapiConnect (0.2.8)
  - Flutter (1.0.0)

DEPENDENCIES:
  - dapi (from `.symlinks/plugins/dapi/ios`)
  - Flutter (from `Flutter`)

SPEC REPOS:
  trunk:
    - DapiConnect

EXTERNAL SOURCES:
  dapi:
    :path: ".symlinks/plugins/dapi/ios"
  Flutter:
    :path: Flutter

SPEC CHECKSUMS:
  dapi: 22ea5dad22eef84094bffa503aa13fd7be76a070
  DapiConnect: 8d2c9409a4c87c3d171a52ffbba42e01b6fb7be2
  Flutter: 0e3d915762c693b495b44d77113d4970485de6ec

PODFILE CHECKSUM: a1b07c5b2097815348160f8277896d8a6aef2652

COCOAPODS: 1.9.3
